
Microsoft Visual Studio Solution File, Format Version 12.00
# Visual Studio Version 17
VisualStudioVersion = 17.8.34511.84
MinimumVisualStudioVersion = 10.0.40219.1
Project("{9A19103F-16F7-4668-BE54-9A1E7A4F7556}") = "KNX", "KNX\KNX.csproj", "{FEC5220E-D960-418D-875A-B7C8D23EA503}"
EndProject
Global
	GlobalSection(SolutionConfigurationPlatforms) = preSolution
		Debug|x64 = Debug|x64
		Release|x64 = Release|x64
	EndGlobalSection
	GlobalSection(ProjectConfigurationPlatforms) = postSolution
		{FEC5220E-D960-418D-875A-B7C8D23EA503}.Debug|x64.ActiveCfg = Debug|x64
		{FEC5220E-D960-418D-875A-B7C8D23EA503}.Debug|x64.Build.0 = Debug|x64
		{FEC5220E-D960-418D-875A-B7C8D23EA503}.Release|x64.ActiveCfg = Release|x64
		{FEC5220E-D960-418D-875A-B7C8D23EA503}.Release|x64.Build.0 = Release|x64
	EndGlobalSection
	GlobalSection(SolutionProperties) = preSolution
		HideSolutionNode = FALSE
	EndGlobalSection
	GlobalSection(ExtensibilityGlobals) = postSolution
		SolutionGuid = {6355A1A1-43BF-40C8-BEDF-573788F120B1}
	EndGlobalSection
EndGlobal
