
Microsoft Visual Studio Solution File, Format Version 12.00
# Visual Studio Version 16
VisualStudioVersion = 16.0.29102.190
MinimumVisualStudioVersion = 10.0.40219.1
Project("{FAE04EC0-301F-11D3-BF4B-00C04F79EFBC}") = "KNX", "KNX\KNX.csproj", "{FEC5220E-D960-418D-875A-B7C8D23EA503}"
EndProject
Global
	GlobalSection(SolutionConfigurationPlatforms) = preSolution
		Debug|Any CPU = Debug|Any CPU
		Release|Any CPU = Release|Any CPU
	EndGlobalSection
	GlobalSection(ProjectConfigurationPlatforms) = postSolution
		{FEC5220E-D960-418D-875A-B7C8D23EA503}.Debug|Any CPU.ActiveCfg = Debug|Any CPU
		{FEC5220E-D960-418D-875A-B7C8D23EA503}.Debug|Any CPU.Build.0 = Debug|Any CPU
		{FEC5220E-D960-418D-875A-B7C8D23EA503}.Release|Any CPU.ActiveCfg = Release|Any CPU
		{FEC5220E-D960-418D-875A-B7C8D23EA503}.Release|Any CPU.Build.0 = Release|Any CPU
	EndGlobalSection
	GlobalSection(SolutionProperties) = preSolution
		HideSolutionNode = FALSE
	EndGlobalSection
	GlobalSection(ExtensibilityGlobals) = postSolution
		SolutionGuid = {6355A1A1-43BF-40C8-BEDF-573788F120B1}
	EndGlobalSection
EndGlobal
